<?xml version="1.0" encoding="utf-8"?>
<Project ToolsVersion="4.0" xmlns="http://schemas.microsoft.com/developer/msbuild/2003">
  <ItemGroup>
    <Filter Include="소스 파일">
      <UniqueIdentifier>{4FC737F1-C7A5-4376-A066-2A32D752A2FF}</UniqueIdentifier>
      <Extensions>cpp;c;cc;cxx;def;odl;idl;hpj;bat;asm;asmx</Extensions>
    </Filter>
    <Filter Include="소스 파일\Classes">
      <UniqueIdentifier>{c0984ba6-a119-4ba9-8958-f020a88bbb9a}</UniqueIdentifier>
    </Filter>
  </ItemGroup>
  <ItemGroup>
    <ClCompile Include="HelloTriangle.cpp">
      <Filter>소스 파일</Filter>
    </ClCompile>
    <ClCompile Include="Classes\ApplicationEngine.cpp">
      <Filter>소스 파일\Classes</Filter>
    </ClCompile>
    <ClCompile Include="Classes\ParametricSurface.cpp">
      <Filter>소스 파일\Classes</Filter>
    </ClCompile>
    <ClCompile Include="Classes\RenderingEngine.ES2.cpp">
      <Filter>소스 파일\Classes</Filter>
    </ClCompile>
    <ClCompile Include="Classes\ObjectSurface.cpp">
      <Filter>소스 파일\Classes</Filter>
    </ClCompile>
    <ClCompile Include="Classes\ResourceManager.cpp">
      <Filter>소스 파일\Classes</Filter>
    </ClCompile>
  </ItemGroup>
  <ItemGroup>
    <ClInclude Include="Classes\Matrix.hpp">
      <Filter>소스 파일\Classes</Filter>
    </ClInclude>
    <ClInclude Include="Classes\Quaternion.hpp">
      <Filter>소스 파일\Classes</Filter>
    </ClInclude>
    <ClInclude Include="Classes\Vector.hpp">
      <Filter>소스 파일\Classes</Filter>
    </ClInclude>
    <ClInclude Include="Classes\Interfaces.hpp">
      <Filter>소스 파일\Classes</Filter>
    </ClInclude>
    <ClInclude Include="Classes\ParametricEquations.hpp">
      <Filter>소스 파일\Classes</Filter>
    </ClInclude>
    <ClInclude Include="Classes\ParametricSurface.hpp">
      <Filter>소스 파일\Classes</Filter>
    </ClInclude>
    <ClInclude Include="Classes\ObjectSurface.h">
      <Filter>소스 파일\Classes</Filter>
    </ClInclude>
  </ItemGroup>
  <ItemGroup>
    <None Include="Shaders\Simple.frag">
      <Filter>소스 파일</Filter>
    </None>
    <None Include="Shaders\Simple.vert">
      <Filter>소스 파일</Filter>
    </None>
    <None Include="Shaders\SimpleLighting.vert">
      <Filter>소스 파일</Filter>
    </None>
  </ItemGroup>
</Project>